github.com/confluentinc/confluent-kafka-go/v2 v2.14.2 h1:EYOGezeuuHtzXElXsAjalIyL9Qm5wBVNdy1m8fJElyM=
github.com/confluentinc/confluent-kafka-go/v2 v2.14.2/go.mod h1:DWBtCOZWX9sThpJxcPQe38lgTDksq086TVikUUyhM64=
github.com/gorilla/websocket v1.5.3 h1:saDtZ6Pbx/0u+bgYQ3q96pZgCzfhKXGPqt7kZ72aNNg=
github.com/gorilla/websocket v1.5.3/go.mod h1:YR8l580nyteQvAITg2hZ9XVh4b55+EU/adAjf1fMHhE=
